
Microsoft Visual Studio Solution File, Format Version 12.00
# Visual Studio Version 17
VisualStudioVersion = 17.11.35312.102
MinimumVisualStudioVersion = 10.0.40219.1
Project("{FAE04EC0-301F-11D3-BF4B-00C04F79EFBC}") = "SimpleBlog", "SimpleBlog\SimpleBlog.csproj", "{E27B66D1-670A-462E-973A-19BF4223027B}"
EndProject
Global
	GlobalSection(SolutionConfigurationPlatforms) = preSolution
		Debug|Any CPU = Debug|Any CPU
		Release|Any CPU = Release|Any CPU
	EndGlobalSection
	GlobalSection(ProjectConfigurationPlatforms) = postSolution
		{E27B66D1-670A-462E-973A-19BF4223027B}.Debug|Any CPU.ActiveCfg = Debug|Any CPU
		{E27B66D1-670A-462E-973A-19BF4223027B}.Debug|Any CPU.Build.0 = Debug|Any CPU
		{E27B66D1-670A-462E-973A-19BF4223027B}.Release|Any CPU.ActiveCfg = Release|Any CPU
		{E27B66D1-670A-462E-973A-19BF4223027B}.Release|Any CPU.Build.0 = Release|Any CPU
	EndGlobalSection
	GlobalSection(SolutionProperties) = preSolution
		HideSolutionNode = FALSE
	EndGlobalSection
	GlobalSection(ExtensibilityGlobals) = postSolution
		SolutionGuid = {7508F266-1E4D-41B4-A633-A739879D29C5}
	EndGlobalSection
EndGlobal
